
Microsoft Visual Studio Solution File, Format Version 12.00
# Visual Studio Version 17
VisualStudioVersion = 17.14.37203.1 d17.14
MinimumVisualStudioVersion = 10.0.40219.1
Project("{FAE04EC0-301F-11D3-BF4B-00C04F79EFBC}") = "Audio Compressor", "Audio Compressor\Audio Compressor.csproj", "{00F6A7BB-139B-486A-A52F-DE526C5F69FC}"
EndProject
Global
	GlobalSection(SolutionConfigurationPlatforms) = preSolution
		Debug|Any CPU = Debug|Any CPU
		Release|Any CPU = Release|Any CPU
	EndGlobalSection
	GlobalSection(ProjectConfigurationPlatforms) = postSolution
		{00F6A7BB-139B-486A-A52F-DE526C5F69FC}.Debug|Any CPU.ActiveCfg = Debug|Any CPU
		{00F6A7BB-139B-486A-A52F-DE526C5F69FC}.Debug|Any CPU.Build.0 = Debug|Any CPU
		{00F6A7BB-139B-486A-A52F-DE526C5F69FC}.Release|Any CPU.ActiveCfg = Release|Any CPU
		{00F6A7BB-139B-486A-A52F-DE526C5F69FC}.Release|Any CPU.Build.0 = Release|Any CPU
	EndGlobalSection
	GlobalSection(SolutionProperties) = preSolution
		HideSolutionNode = FALSE
	EndGlobalSection
	GlobalSection(ExtensibilityGlobals) = postSolution
		SolutionGuid = {66B6F532-AC58-4FF3-B28D-EE036F56ED5E}
	EndGlobalSection
EndGlobal
